# This file is automatically @generated by Cargo.
# It is not intended for manual editing.
[[package]]
name = "bf-rs"
version = "1.0.0"
dependencies = [
 "easy-error",
]

[[package]]
name = "easy-error"
version = "1.0.0"
source = "registry+https://github.com/rust-lang/crates.io-index"
checksum = "04cc9717c61d2908f50d16ebb5677c7e82ea2bdf7cb52f66b30fe079f3212e16"
